// !$*UTF8*$!
{
	archiveVersion = 1;
	classes = {
	};
	objectVersion = 50;
	objects = {

/* Begin PBXBuildFile section */
		D0CAC78525E6908D0074208A /* Footer.swift in Sources */ = {isa = PBXBuildFile; fileRef = D0CAC78425E6908D0074208A /* Footer.swift */; };
		D0CAC78825E6A1E10074208A /* Header.swift in Sources */ = {isa = PBXBuildFile; fileRef = D0CAC78725E6A1E10074208A /* Header.swift */; };
		D0CAC78D25E7E4660074208A /* SendViewController.swift in Sources */ = {isa = PBXBuildFile; fileRef = D0CAC78C25E7E4660074208A /* SendViewController.swift */; };
		D0CAC79125E7FD830074208A /* TextField.swift in Sources */ = {isa = PBXBuildFile; fileRef = D0CAC79025E7FD830074208A /* TextField.swift */; };
		D0D7F59B25DAC93300F63782 /* AppDelegate.swift in Sources */ = {isa = PBXBuildFile; fileRef = D0D7F59A25DAC93300F63782 /* AppDelegate.swift */; };
		D0D7F59D25DAC93300F63782 /* SceneDelegate.swift in Sources */ = {isa = PBXBuildFile; fileRef = D0D7F59C25DAC93300F63782 /* SceneDelegate.swift */; };
		D0D7F59F25DAC93300F63782 /* ViewController.swift in Sources */ = {isa = PBXBuildFile; fileRef = D0D7F59E25DAC93300F63782 /* ViewController.swift */; };
		D0D7F5A225DAC93300F63782 /* Main.storyboard in Resources */ = {isa = PBXBuildFile; fileRef = D0D7F5A025DAC93300F63782 /* Main.storyboard */; };
		D0D7F5A425DAC93500F63782 /* Assets.xcassets in Resources */ = {isa = PBXBuildFile; fileRef = D0D7F5A325DAC93500F63782 /* Assets.xcassets */; };
		D0D7F5A725DAC93500F63782 /* LaunchScreen.storyboard in Resources */ = {isa = PBXBuildFile; fileRef = D0D7F5A525DAC93500F63782 /* LaunchScreen.storyboard */; };
		D0D7F5B125DAC9EC00F63782 /* ExtensionColors.swift in Sources */ = {isa = PBXBuildFile; fileRef = D0D7F5B025DAC9EC00F63782 /* ExtensionColors.swift */; };
		D0D7F5B425DACA0F00F63782 /* ExtensionFonts.swift in Sources */ = {isa = PBXBuildFile; fileRef = D0D7F5B325DACA0F00F63782 /* ExtensionFonts.swift */; };
		D0D7F5B725DACA3B00F63782 /* ExtensionUIView.swift in Sources */ = {isa = PBXBuildFile; fileRef = D0D7F5B625DACA3B00F63782 /* ExtensionUIView.swift */; };
		D0D7F5BA25DACDCF00F63782 /* TransactionsViewController.swift in Sources */ = {isa = PBXBuildFile; fileRef = D0D7F5B925DACDCF00F63782 /* TransactionsViewController.swift */; };
		D0D7F5BE25DACEED00F63782 /* TransactionCell.swift in Sources */ = {isa = PBXBuildFile; fileRef = D0D7F5BD25DACEED00F63782 /* TransactionCell.swift */; };
		D0D7F5C425DACF4F00F63782 /* DataManager.swift in Sources */ = {isa = PBXBuildFile; fileRef = D0D7F5C325DACF4F00F63782 /* DataManager.swift */; };
		D0D7F5C925DACFB000F63782 /* DataModel.swift in Sources */ = {isa = PBXBuildFile; fileRef = D0D7F5C825DACFB000F63782 /* DataModel.swift */; };
		D0D7F5CD25DAD95D00F63782 /* NavigationViewController.swift in Sources */ = {isa = PBXBuildFile; fileRef = D0D7F5CC25DAD95D00F63782 /* NavigationViewController.swift */; };
		D0D7F5D725DAFE9600F63782 /* ExtensionString.swift in Sources */ = {isa = PBXBuildFile; fileRef = D0D7F5D625DAFE9600F63782 /* ExtensionString.swift */; };
		D0D7F5DA25DB2DD800F63782 /* LoginViewController.swift in Sources */ = {isa = PBXBuildFile; fileRef = D0D7F5D925DB2DD800F63782 /* LoginViewController.swift */; };
		D0D7F5E225E42F5300F63782 /* Button.swift in Sources */ = {isa = PBXBuildFile; fileRef = D0D7F5E125E42F5300F63782 /* Button.swift */; };
/* End PBXBuildFile section */

/* Begin PBXFileReference section */
		D0CAC78425E6908D0074208A /* Footer.swift */ = {isa = PBXFileReference; lastKnownFileType = sourcecode.swift; path = Footer.swift; sourceTree = "<group>"; };
		D0CAC78725E6A1E10074208A /* Header.swift */ = {isa = PBXFileReference; lastKnownFileType = sourcecode.swift; path = Header.swift; sourceTree = "<group>"; };
		D0CAC78C25E7E4660074208A /* SendViewController.swift */ = {isa = PBXFileReference; lastKnownFileType = sourcecode.swift; path = SendViewController.swift; sourceTree = "<group>"; };
		D0CAC79025E7FD830074208A /* TextField.swift */ = {isa = PBXFileReference; lastKnownFileType = sourcecode.swift; path = TextField.swift; sourceTree = "<group>"; };
		D0D7F59725DAC93300F63782 /* gemini.app */ = {isa = PBXFileReference; explicitFileType = wrapper.application; includeInIndex = 0; path = gemini.app; sourceTree = BUILT_PRODUCTS_DIR; };
		D0D7F59A25DAC93300F63782 /* AppDelegate.swift */ = {isa = PBXFileReference; lastKnownFileType = sourcecode.swift; path = AppDelegate.swift; sourceTree = "<group>"; };
		D0D7F59C25DAC93300F63782 /* SceneDelegate.swift */ = {isa = PBXFileReference; lastKnownFileType = sourcecode.swift; path = SceneDelegate.swift; sourceTree = "<group>"; };
		D0D7F59E25DAC93300F63782 /* ViewController.swift */ = {isa = PBXFileReference; lastKnownFileType = sourcecode.swift; path = ViewController.swift; sourceTree = "<group>"; };
		D0D7F5A125DAC93300F63782 /* Base */ = {isa = PBXFileReference; lastKnownFileType = file.storyboard; name = Base; path = Base.lproj/Main.storyboard; sourceTree = "<group>"; };
		D0D7F5A325DAC93500F63782 /* Assets.xcassets */ = {isa = PBXFileReference; lastKnownFileType = folder.assetcatalog; path = Assets.xcassets; sourceTree = "<group>"; };
		D0D7F5A625DAC93500F63782 /* Base */ = {isa = PBXFileReference; lastKnownFileType = file.storyboard; name = Base; path = Base.lproj/LaunchScreen.storyboard; sourceTree = "<group>"; };
		D0D7F5A825DAC93500F63782 /* Info.plist */ = {isa = PBXFileReference; lastKnownFileType = text.plist.xml; path = Info.plist; sourceTree = "<group>"; };
		D0D7F5B025DAC9EC00F63782 /* ExtensionColors.swift */ = {isa = PBXFileReference; fileEncoding = 4; lastKnownFileType = sourcecode.swift; path = ExtensionColors.swift; sourceTree = "<group>"; };
		D0D7F5B325DACA0F00F63782 /* ExtensionFonts.swift */ = {isa = PBXFileReference; fileEncoding = 4; lastKnownFileType = sourcecode.swift; path = ExtensionFonts.swift; sourceTree = "<group>"; };
		D0D7F5B625DACA3B00F63782 /* ExtensionUIView.swift */ = {isa = PBXFileReference; fileEncoding = 4; lastKnownFileType = sourcecode.swift; path = ExtensionUIView.swift; sourceTree = "<group>"; };
		D0D7F5B925DACDCF00F63782 /* TransactionsViewController.swift */ = {isa = PBXFileReference; lastKnownFileType = sourcecode.swift; path = TransactionsViewController.swift; sourceTree = "<group>"; };
		D0D7F5BD25DACEED00F63782 /* TransactionCell.swift */ = {isa = PBXFileReference; lastKnownFileType = sourcecode.swift; path = TransactionCell.swift; sourceTree = "<group>"; };
		D0D7F5C325DACF4F00F63782 /* DataManager.swift */ = {isa = PBXFileReference; lastKnownFileType = sourcecode.swift; path = DataManager.swift; sourceTree = "<group>"; };
		D0D7F5C825DACFB000F63782 /* DataModel.swift */ = {isa = PBXFileReference; lastKnownFileType = sourcecode.swift; path = DataModel.swift; sourceTree = "<group>"; };
		D0D7F5CC25DAD95D00F63782 /* NavigationViewController.swift */ = {isa = PBXFileReference; lastKnownFileType = sourcecode.swift; path = NavigationViewController.swift; sourceTree = "<group>"; };
		D0D7F5D625DAFE9600F63782 /* ExtensionString.swift */ = {isa = PBXFileReference; lastKnownFileType = sourcecode.swift; path = ExtensionString.swift; sourceTree = "<group>"; };
		D0D7F5D925DB2DD800F63782 /* LoginViewController.swift */ = {isa = PBXFileReference; lastKnownFileType = sourcecode.swift; path = LoginViewController.swift; sourceTree = "<group>"; };
		D0D7F5E125E42F5300F63782 /* Button.swift */ = {isa = PBXFileReference; lastKnownFileType = sourcecode.swift; path = Button.swift; sourceTree = "<group>"; };
/* End PBXFileReference section */

/* Begin PBXFrameworksBuildPhase section */
		D0D7F59425DAC93300F63782 /* Frameworks */ = {
			isa = PBXFrameworksBuildPhase;
			buildActionMask = 2147483647;
			files = (
			);
			runOnlyForDeploymentPostprocessing = 0;
		};
/* End PBXFrameworksBuildPhase section */

/* Begin PBXGroup section */
		D0D7F58E25DAC93300F63782 = {
			isa = PBXGroup;
			children = (
				D0D7F59925DAC93300F63782 /* gemini */,
				D0D7F59825DAC93300F63782 /* Products */,
			);
			sourceTree = "<group>";
		};
		D0D7F59825DAC93300F63782 /* Products */ = {
			isa = PBXGroup;
			children = (
				D0D7F59725DAC93300F63782 /* gemini.app */,
			);
			name = Products;
			sourceTree = "<group>";
		};
		D0D7F59925DAC93300F63782 /* gemini */ = {
			isa = PBXGroup;
			children = (
				D0D7F5E025E42F3C00F63782 /* Views */,
				D0D7F5C125DACF3700F63782 /* Managers */,
				D0D7F5BC25DACEBB00F63782 /* Cells */,
				D0D7F5AF25DAC9D600F63782 /* Extension */,
				D0D7F59A25DAC93300F63782 /* AppDelegate.swift */,
				D0D7F59C25DAC93300F63782 /* SceneDelegate.swift */,
				D0D7F59E25DAC93300F63782 /* ViewController.swift */,
				D0D7F5D925DB2DD800F63782 /* LoginViewController.swift */,
				D0CAC78C25E7E4660074208A /* SendViewController.swift */,
				D0D7F5B925DACDCF00F63782 /* TransactionsViewController.swift */,
				D0D7F5CC25DAD95D00F63782 /* NavigationViewController.swift */,
				D0D7F5A325DAC93500F63782 /* Assets.xcassets */,
				D0D7F5A025DAC93300F63782 /* Main.storyboard */,
				D0D7F5A525DAC93500F63782 /* LaunchScreen.storyboard */,
				D0D7F5A825DAC93500F63782 /* Info.plist */,
			);
			path = gemini;
			sourceTree = "<group>";
		};
		D0D7F5AF25DAC9D600F63782 /* Extension */ = {
			isa = PBXGroup;
			children = (
				D0D7F5B625DACA3B00F63782 /* ExtensionUIView.swift */,
				D0D7F5B325DACA0F00F63782 /* ExtensionFonts.swift */,
				D0D7F5B025DAC9EC00F63782 /* ExtensionColors.swift */,
				D0D7F5D625DAFE9600F63782 /* ExtensionString.swift */,
			);
			path = Extension;
			sourceTree = "<group>";
		};
		D0D7F5BC25DACEBB00F63782 /* Cells */ = {
			isa = PBXGroup;
			children = (
				D0D7F5BD25DACEED00F63782 /* TransactionCell.swift */,
			);
			path = Cells;
			sourceTree = "<group>";
		};
		D0D7F5C125DACF3700F63782 /* Managers */ = {
			isa = PBXGroup;
			children = (
				D0D7F5C225DACF4400F63782 /* Data */,
			);
			path = Managers;
			sourceTree = "<group>";
		};
		D0D7F5C225DACF4400F63782 /* Data */ = {
			isa = PBXGroup;
			children = (
				D0D7F5C325DACF4F00F63782 /* DataManager.swift */,
				D0D7F5C825DACFB000F63782 /* DataModel.swift */,
			);
			path = Data;
			sourceTree = "<group>";
		};
		D0D7F5E025E42F3C00F63782 /* Views */ = {
			isa = PBXGroup;
			children = (
				D0D7F5E125E42F5300F63782 /* Button.swift */,
				D0CAC79025E7FD830074208A /* TextField.swift */,
				D0CAC78725E6A1E10074208A /* Header.swift */,
				D0CAC78425E6908D0074208A /* Footer.swift */,
			);
			path = Views;
			sourceTree = "<group>";
		};
/* End PBXGroup section */

/* Begin PBXNativeTarget section */
		D0D7F59625DAC93300F63782 /* gemini */ = {
			isa = PBXNativeTarget;
			buildConfigurationList = D0D7F5AB25DAC93500F63782 /* Build configuration list for PBXNativeTarget "gemini" */;
			buildPhases = (
				D0D7F59325DAC93300F63782 /* Sources */,
				D0D7F59425DAC93300F63782 /* Frameworks */,
				D0D7F59525DAC93300F63782 /* Resources */,
			);
			buildRules = (
			);
			dependencies = (
			);
			name = gemini;
			productName = gemini;
			productReference = D0D7F59725DAC93300F63782 /* gemini.app */;
			productType = "com.apple.product-type.application";
		};
/* End PBXNativeTarget section */

/* Begin PBXProject section */
		D0D7F58F25DAC93300F63782 /* Project object */ = {
			isa = PBXProject;
			attributes = {
				LastSwiftUpdateCheck = 1240;
				LastUpgradeCheck = 1240;
				TargetAttributes = {
					D0D7F59625DAC93300F63782 = {
						CreatedOnToolsVersion = 12.4;
					};
				};
			};
			buildConfigurationList = D0D7F59225DAC93300F63782 /* Build configuration list for PBXProject "gemini" */;
			compatibilityVersion = "Xcode 9.3";
			developmentRegion = en;
			hasScannedForEncodings = 0;
			knownRegions = (
				en,
				Base,
			);
			mainGroup = D0D7F58E25DAC93300F63782;
			productRefGroup = D0D7F59825DAC93300F63782 /* Products */;
			projectDirPath = "";
			projectRoot = "";
			targets = (
				D0D7F59625DAC93300F63782 /* gemini */,
			);
		};
/* End PBXProject section */

/* Begin PBXResourcesBuildPhase section */
		D0D7F59525DAC93300F63782 /* Resources */ = {
			isa = PBXResourcesBuildPhase;
			buildActionMask = 2147483647;
			files = (
				D0D7F5A725DAC93500F63782 /* LaunchScreen.storyboard in Resources */,
				D0D7F5A425DAC93500F63782 /* Assets.xcassets in Resources */,
				D0D7F5A225DAC93300F63782 /* Main.storyboard in Resources */,
			);
			runOnlyForDeploymentPostprocessing = 0;
		};
/* End PBXResourcesBuildPhase section */

/* Begin PBXSourcesBuildPhase section */
		D0D7F59325DAC93300F63782 /* Sources */ = {
			isa = PBXSourcesBuildPhase;
			buildActionMask = 2147483647;
			files = (
				D0CAC78825E6A1E10074208A /* Header.swift in Sources */,
				D0D7F5CD25DAD95D00F63782 /* NavigationViewController.swift in Sources */,
				D0D7F5BA25DACDCF00F63782 /* TransactionsViewController.swift in Sources */,
				D0D7F5B725DACA3B00F63782 /* ExtensionUIView.swift in Sources */,
				D0D7F59F25DAC93300F63782 /* ViewController.swift in Sources */,
				D0D7F59B25DAC93300F63782 /* AppDelegate.swift in Sources */,
				D0D7F59D25DAC93300F63782 /* SceneDelegate.swift in Sources */,
				D0D7F5C925DACFB000F63782 /* DataModel.swift in Sources */,
				D0D7F5E225E42F5300F63782 /* Button.swift in Sources */,
				D0D7F5B425DACA0F00F63782 /* ExtensionFonts.swift in Sources */,
				D0CAC78525E6908D0074208A /* Footer.swift in Sources */,
				D0D7F5D725DAFE9600F63782 /* ExtensionString.swift in Sources */,
				D0D7F5BE25DACEED00F63782 /* TransactionCell.swift in Sources */,
				D0D7F5C425DACF4F00F63782 /* DataManager.swift in Sources */,
				D0D7F5DA25DB2DD800F63782 /* LoginViewController.swift in Sources */,
				D0CAC79125E7FD830074208A /* TextField.swift in Sources */,
				D0CAC78D25E7E4660074208A /* SendViewController.swift in Sources */,
				D0D7F5B125DAC9EC00F63782 /* ExtensionColors.swift in Sources */,
			);
			runOnlyForDeploymentPostprocessing = 0;
		};
/* End PBXSourcesBuildPhase section */

/* Begin PBXVariantGroup section */
		D0D7F5A025DAC93300F63782 /* Main.storyboard */ = {
			isa = PBXVariantGroup;
			children = (
				D0D7F5A125DAC93300F63782 /* Base */,
			);
			name = Main.storyboard;
			sourceTree = "<group>";
		};
		D0D7F5A525DAC93500F63782 /* LaunchScreen.storyboard */ = {
			isa = PBXVariantGroup;
			children = (
				D0D7F5A625DAC93500F63782 /* Base */,
			);
			name = LaunchScreen.storyboard;
			sourceTree = "<group>";
		};
/* End PBXVariantGroup section */

/* Begin XCBuildConfiguration section */
		D0D7F5A925DAC93500F63782 /* Debug */ = {
			isa = XCBuildConfiguration;
			buildSettings = {
				ALWAYS_SEARCH_USER_PATHS = NO;
				CLANG_ANALYZER_NONNULL = YES;
				CLANG_ANALYZER_NUMBER_OBJECT_CONVERSION = YES_AGGRESSIVE;
				CLANG_CXX_LANGUAGE_STANDARD = "gnu++14";
				CLANG_CXX_LIBRARY = "libc++";
				CLANG_ENABLE_MODULES = YES;
				CLANG_ENABLE_OBJC_ARC = YES;
				CLANG_ENABLE_OBJC_WEAK = YES;
				CLANG_WARN_BLOCK_CAPTURE_AUTORELEASING = YES;
				CLANG_WARN_BOOL_CONVERSION = YES;
				CLANG_WARN_COMMA = YES;
				CLANG_WARN_CONSTANT_CONVERSION = YES;
				CLANG_WARN_DEPRECATED_OBJC_IMPLEMENTATIONS = YES;
				CLANG_WARN_DIRECT_OBJC_ISA_USAGE = YES_ERROR;
				CLANG_WARN_DOCUMENTATION_COMMENTS = YES;
				CLANG_WARN_EMPTY_BODY = YES;
				CLANG_WARN_ENUM_CONVERSION = YES;
				CLANG_WARN_INFINITE_RECURSION = YES;
				CLANG_WARN_INT_CONVERSION = YES;
				CLANG_WARN_NON_LITERAL_NULL_CONVERSION = YES;
				CLANG_WARN_OBJC_IMPLICIT_RETAIN_SELF = YES;
				CLANG_WARN_OBJC_LITERAL_CONVERSION = YES;
				CLANG_WARN_OBJC_ROOT_CLASS = YES_ERROR;
				CLANG_WARN_QUOTED_INCLUDE_IN_FRAMEWORK_HEADER = YES;
				CLANG_WARN_RANGE_LOOP_ANALYSIS = YES;
				CLANG_WARN_STRICT_PROTOTYPES = YES;
				CLANG_WARN_SUSPICIOUS_MOVE = YES;
				CLANG_WARN_UNGUARDED_AVAILABILITY = YES_AGGRESSIVE;
				CLANG_WARN_UNREACHABLE_CODE = YES;
				CLANG_WARN__DUPLICATE_METHOD_MATCH = YES;
				COPY_PHASE_STRIP = NO;
				DEBUG_INFORMATION_FORMAT = dwarf;
				ENABLE_STRICT_OBJC_MSGSEND = YES;
				ENABLE_TESTABILITY = YES;
				GCC_C_LANGUAGE_STANDARD = gnu11;
				GCC_DYNAMIC_NO_PIC = NO;
				GCC_NO_COMMON_BLOCKS = YES;
				GCC_OPTIMIZATION_LEVEL = 0;
				GCC_PREPROCESSOR_DEFINITIONS = (
					"DEBUG=1",
					"$(inherited)",
				);
				GCC_WARN_64_TO_32_BIT_CONVERSION = YES;
				GCC_WARN_ABOUT_RETURN_TYPE = YES_ERROR;
				GCC_WARN_UNDECLARED_SELECTOR = YES;
				GCC_WARN_UNINITIALIZED_AUTOS = YES_AGGRESSIVE;
				GCC_WARN_UNUSED_FUNCTION = YES;
				GCC_WARN_UNUSED_VARIABLE = YES;
				IPHONEOS_DEPLOYMENT_TARGET = 14.4;
				MTL_ENABLE_DEBUG_INFO = INCLUDE_SOURCE;
				MTL_FAST_MATH = YES;
				ONLY_ACTIVE_ARCH = YES;
				SDKROOT = iphoneos;
				SWIFT_ACTIVE_COMPILATION_CONDITIONS = DEBUG;
				SWIFT_OPTIMIZATION_LEVEL = "-Onone";
			};
			name = Debug;
		};
		D0D7F5AA25DAC93500F63782 /* Release */ = {
			isa = XCBuildConfiguration;
			buildSettings = {
				ALWAYS_SEARCH_USER_PATHS = NO;
				CLANG_ANALYZER_NONNULL = YES;
				CLANG_ANALYZER_NUMBER_OBJECT_CONVERSION = YES_AGGRESSIVE;
				CLANG_CXX_LANGUAGE_STANDARD = "gnu++14";
				CLANG_CXX_LIBRARY = "libc++";
				CLANG_ENABLE_MODULES = YES;
				CLANG_ENABLE_OBJC_ARC = YES;
				CLANG_ENABLE_OBJC_WEAK = YES;
				CLANG_WARN_BLOCK_CAPTURE_AUTORELEASING = YES;
				CLANG_WARN_BOOL_CONVERSION = YES;
				CLANG_WARN_COMMA = YES;
				CLANG_WARN_CONSTANT_CONVERSION = YES;
				CLANG_WARN_DEPRECATED_OBJC_IMPLEMENTATIONS = YES;
				CLANG_WARN_DIRECT_OBJC_ISA_USAGE = YES_ERROR;
				CLANG_WARN_DOCUMENTATION_COMMENTS = YES;
				CLANG_WARN_EMPTY_BODY = YES;
				CLANG_WARN_ENUM_CONVERSION = YES;
				CLANG_WARN_INFINITE_RECURSION = YES;
				CLANG_WARN_INT_CONVERSION = YES;
				CLANG_WARN_NON_LITERAL_NULL_CONVERSION = YES;
				CLANG_WARN_OBJC_IMPLICIT_RETAIN_SELF = YES;
				CLANG_WARN_OBJC_LITERAL_CONVERSION = YES;
				CLANG_WARN_OBJC_ROOT_CLASS = YES_ERROR;
				CLANG_WARN_QUOTED_INCLUDE_IN_FRAMEWORK_HEADER = YES;
				CLANG_WARN_RANGE_LOOP_ANALYSIS = YES;
				CLANG_WARN_STRICT_PROTOTYPES = YES;
				CLANG_WARN_SUSPICIOUS_MOVE = YES;
				CLANG_WARN_UNGUARDED_AVAILABILITY = YES_AGGRESSIVE;
				CLANG_WARN_UNREACHABLE_CODE = YES;
				CLANG_WARN__DUPLICATE_METHOD_MATCH = YES;
				COPY_PHASE_STRIP = NO;
				DEBUG_INFORMATION_FORMAT = "dwarf-with-dsym";
				ENABLE_NS_ASSERTIONS = NO;
				ENABLE_STRICT_OBJC_MSGSEND = YES;
				GCC_C_LANGUAGE_STANDARD = gnu11;
				GCC_NO_COMMON_BLOCKS = YES;
				GCC_WARN_64_TO_32_BIT_CONVERSION = YES;
				GCC_WARN_ABOUT_RETURN_TYPE = YES_ERROR;
				GCC_WARN_UNDECLARED_SELECTOR = YES;
				GCC_WARN_UNINITIALIZED_AUTOS = YES_AGGRESSIVE;
				GCC_WARN_UNUSED_FUNCTION = YES;
				GCC_WARN_UNUSED_VARIABLE = YES;
				IPHONEOS_DEPLOYMENT_TARGET = 14.4;
				MTL_ENABLE_DEBUG_INFO = NO;
				MTL_FAST_MATH = YES;
				SDKROOT = iphoneos;
				SWIFT_COMPILATION_MODE = wholemodule;
				SWIFT_OPTIMIZATION_LEVEL = "-O";
				VALIDATE_PRODUCT = YES;
			};
			name = Release;
		};
		D0D7F5AC25DAC93500F63782 /* Debug */ = {
			isa = XCBuildConfiguration;
			buildSettings = {
				ASSETCATALOG_COMPILER_APPICON_NAME = AppIcon;
				ASSETCATALOG_COMPILER_GLOBAL_ACCENT_COLOR_NAME = AccentColor;
				CODE_SIGN_STYLE = Automatic;
				DEVELOPMENT_TEAM = J9V29RNMKZ;
				INFOPLIST_FILE = gemini/Info.plist;
				LD_RUNPATH_SEARCH_PATHS = (
					"$(inherited)",
					"@executable_path/Frameworks",
				);
				PRODUCT_BUNDLE_IDENTIFIER = app.gemini;
				PRODUCT_NAME = "$(TARGET_NAME)";
				SWIFT_VERSION = 5.0;
				TARGETED_DEVICE_FAMILY = "1,2";
			};
			name = Debug;
		};
		D0D7F5AD25DAC93500F63782 /* Release */ = {
			isa = XCBuildConfiguration;
			buildSettings = {
				ASSETCATALOG_COMPILER_APPICON_NAME = AppIcon;
				ASSETCATALOG_COMPILER_GLOBAL_ACCENT_COLOR_NAME = AccentColor;
				CODE_SIGN_STYLE = Automatic;
				DEVELOPMENT_TEAM = J9V29RNMKZ;
				INFOPLIST_FILE = gemini/Info.plist;
				LD_RUNPATH_SEARCH_PATHS = (
					"$(inherited)",
					"@executable_path/Frameworks",
				);
				PRODUCT_BUNDLE_IDENTIFIER = app.gemini;
				PRODUCT_NAME = "$(TARGET_NAME)";
				SWIFT_VERSION = 5.0;
				TARGETED_DEVICE_FAMILY = "1,2";
			};
			name = Release;
		};
/* End XCBuildConfiguration section */

/* Begin XCConfigurationList section */
		D0D7F59225DAC93300F63782 /* Build configuration list for PBXProject "gemini" */ = {
			isa = XCConfigurationList;
			buildConfigurations = (
				D0D7F5A925DAC93500F63782 /* Debug */,
				D0D7F5AA25DAC93500F63782 /* Release */,
			);
			defaultConfigurationIsVisible = 0;
			defaultConfigurationName = Release;
		};
		D0D7F5AB25DAC93500F63782 /* Build configuration list for PBXNativeTarget "gemini" */ = {
			isa = XCConfigurationList;
			buildConfigurations = (
				D0D7F5AC25DAC93500F63782 /* Debug */,
				D0D7F5AD25DAC93500F63782 /* Release */,
			);
			defaultConfigurationIsVisible = 0;
			defaultConfigurationName = Release;
		};
/* End XCConfigurationList section */
	};
	rootObject = D0D7F58F25DAC93300F63782 /* Project object */;
}
